
Microsoft Visual Studio Solution File, Format Version 12.00
# Visual Studio Version 16
VisualStudioVersion = 16.0.29102.190
MinimumVisualStudioVersion = 10.0.40219.1
Project("{2150E333-8FDC-42A3-9474-1A3956D46DE8}") = "5. Presentation", "5. Presentation", "{7E2601D8-AE2C-45A2-BBD8-BB89BAFA9967}"
EndProject
Project("{2150E333-8FDC-42A3-9474-1A3956D46DE8}") = "1. Libraries", "1. Libraries", "{2831A897-F971-47EA-8E8A-B062098D9F0E}"
EndProject
Project("{2150E333-8FDC-42A3-9474-1A3956D46DE8}") = "2. Plugins", "2. Plugins", "{1CA0114A-B5D8-45AB-A0C1-0F45CD06772D}"
EndProject
Project("{2150E333-8FDC-42A3-9474-1A3956D46DE8}") = "3. Business", "3. Business", "{A58553C4-9600-426C-9A35-DAECBA24FA1B}"
EndProject
Project("{2150E333-8FDC-42A3-9474-1A3956D46DE8}") = "7. WebBuilder", "7. WebBuilder", "{0D295CC4-0610-4415-91FE-FF8A940DDB32}"
EndProject
Project("{2150E333-8FDC-42A3-9474-1A3956D46DE8}") = "4. Modules", "4. Modules", "{82CB43CE-A2C2-408F-8BE5-7EBE12A5B8AD}"
EndProject
Project("{2150E333-8FDC-42A3-9474-1A3956D46DE8}") = "src", "src", "{56CD3658-6874-41E5-A715-29F651AF7B66}"
EndProject
Project("{2150E333-8FDC-42A3-9474-1A3956D46DE8}") = "Solution Items", "Solution Items", "{52F877B9-94BA-412A-B76E-90DA73538B06}"
	ProjectSection(SolutionItems) = preProject
		README.txt = README.txt
	EndProjectSection
EndProject
Project("{9A19103F-16F7-4668-BE54-9A1E7A4F7556}") = "EzTask.Web.Framework", "Presentation\EzTask.Web.Framework\EzTask.Web.Framework.csproj", "{B35DF86A-6DF3-46DD-B260-76E0392AFC4E}"
EndProject
Project("{9A19103F-16F7-4668-BE54-9A1E7A4F7556}") = "EzTask.Web", "Presentation\EzTask.Web\EzTask.Web.csproj", "{D4BF6EB9-1C60-4C3B-8033-1EA772974B6F}"
	ProjectSection(ProjectDependencies) = postProject
		{1E34B805-2966-4D2F-8366-5D4E51300751} = {1E34B805-2966-4D2F-8366-5D4E51300751}
		{34B1D70E-6E2D-486A-9E0E-99CA5C9C0963} = {34B1D70E-6E2D-486A-9E0E-99CA5C9C0963}
		{B8900A26-0645-4F65-A6C3-289F6C174C0B} = {B8900A26-0645-4F65-A6C3-289F6C174C0B}
		{8F7F985E-A043-497D-8DF6-CBC5C449BEE8} = {8F7F985E-A043-497D-8DF6-CBC5C449BEE8}
		{4C0F13A7-5127-411E-B927-71A4134BE5C3} = {4C0F13A7-5127-411E-B927-71A4134BE5C3}
		{62DD14EC-875C-44B4-8D17-9896A3873FD7} = {62DD14EC-875C-44B4-8D17-9896A3873FD7}
	EndProjectSection
EndProject
Project("{9A19103F-16F7-4668-BE54-9A1E7A4F7556}") = "EzTask.DataAccess", "Libraries\EzTask.DataAccess\EzTask.DataAccess.csproj", "{0C8956D2-099E-4557-88C8-3E10C15459B6}"
EndProject
Project("{9A19103F-16F7-4668-BE54-9A1E7A4F7556}") = "EzTask.Entity", "Libraries\EzTask.Entity\EzTask.Entity.csproj", "{A97DAFBA-976E-49E5-8670-56C659B5A016}"
EndProject
Project("{9A19103F-16F7-4668-BE54-9A1E7A4F7556}") = "EzTask.Framework", "Libraries\EzTask.Framework\EzTask.Framework.csproj", "{EC972298-E307-4D4A-9229-4C41FC565119}"
EndProject
Project("{9A19103F-16F7-4668-BE54-9A1E7A4F7556}") = "EzTask.Plugin.Facebook", "Plugins\EzTask.Plugin.Facebook\EzTask.Plugin.Facebook.csproj", "{362F134D-D127-4C20-A865-82CA1863A7F7}"
EndProject
Project("{9A19103F-16F7-4668-BE54-9A1E7A4F7556}") = "EzTask.Plugin.Google", "Plugins\EzTask.Plugin.Google\EzTask.Plugin.Google.csproj", "{10378C55-8FDE-4F8D-B8EC-BDBBA9C51A1E}"
EndProject
Project("{9A19103F-16F7-4668-BE54-9A1E7A4F7556}") = "EzTask.Business", "Business\EzTask.Business\EzTask.Business.csproj", "{1E29DD61-5C13-4140-BFC9-50FAA2054B84}"
EndProject
Project("{9A19103F-16F7-4668-BE54-9A1E7A4F7556}") = "EzTask.Modules.Authentication", "Modules\EzTask.Modules.Authentication\EzTask.Modules.Authentication.csproj", "{62DD14EC-875C-44B4-8D17-9896A3873FD7}"
EndProject
Project("{9A19103F-16F7-4668-BE54-9A1E7A4F7556}") = "EzTask.Modules.Core", "Modules\EzTask.Modules.Core\EzTask.Modules.Core.csproj", "{8F7F985E-A043-497D-8DF6-CBC5C449BEE8}"
EndProject
Project("{9A19103F-16F7-4668-BE54-9A1E7A4F7556}") = "EzTask.Modules.Dashboard", "Modules\EzTask.Modules.Dashboard\EzTask.Modules.Dashboard.csproj", "{4C0F13A7-5127-411E-B927-71A4134BE5C3}"
EndProject
Project("{9A19103F-16F7-4668-BE54-9A1E7A4F7556}") = "EzTask.Modules.Project", "Modules\EzTask.Modules.Project\EzTask.Modules.Project.csproj", "{B8900A26-0645-4F65-A6C3-289F6C174C0B}"
EndProject
Project("{9A19103F-16F7-4668-BE54-9A1E7A4F7556}") = "EzTask.Modules.Task", "Modules\EzTask.Modules.Task\EzTask.Modules.Task.csproj", "{1E34B805-2966-4D2F-8366-5D4E51300751}"
EndProject
Project("{9A19103F-16F7-4668-BE54-9A1E7A4F7556}") = "EzTask.Modules.UserProfile", "Modules\EzTask.Modules.UserProfile\EzTask.Modules.UserProfile.csproj", "{34B1D70E-6E2D-486A-9E0E-99CA5C9C0963}"
EndProject
Project("{9A19103F-16F7-4668-BE54-9A1E7A4F7556}") = "EzTask.WebBuilder", "Build\EzTask.WebBuilder\EzTask.WebBuilder.csproj", "{1A731AD0-10C6-4180-A05E-C45F86569336}"
EndProject
Project("{9A19103F-16F7-4668-BE54-9A1E7A4F7556}") = "EzTask.Repository", "Libraries\EzTask.Repository\EzTask.Repository.csproj", "{408E093A-F77E-4F5B-B0CE-AABB6A843DA3}"
EndProject
Project("{9A19103F-16F7-4668-BE54-9A1E7A4F7556}") = "EzTask.Plugin.MessageService", "Plugins\EzTask.Plugin.MessageService\EzTask.Plugin.MessageService.csproj", "{3CE78A5A-ED5A-4957-A274-6B39C8AF688D}"
EndProject
Project("{9A19103F-16F7-4668-BE54-9A1E7A4F7556}") = "EzTask.Modules.Notification", "Modules\EzTask.Modules.Notification\EzTask.Modules.Notification.csproj", "{C6CA1B42-3CD7-4641-969A-352B64894DB5}"
EndProject
Project("{9A19103F-16F7-4668-BE54-9A1E7A4F7556}") = "EzTask.Model", "Libraries\EzTask.Model\EzTask.Model.csproj", "{8854959E-28A9-47A8-8D44-99792F34987A}"
EndProject
Project("{9A19103F-16F7-4668-BE54-9A1E7A4F7556}") = "EzTask.Interface", "Libraries\EzTask.Interface\EzTask.Interface.csproj", "{50BE9589-9592-47B0-A3E5-94C8C1516CF6}"
EndProject
Project("{9A19103F-16F7-4668-BE54-9A1E7A4F7556}") = "EzTask.Log", "Libraries\EzTask.Log\EzTask.Log.csproj", "{EA3C265F-A2A9-4977-889A-AEFD6B1E1F3C}"
EndProject
Global
	GlobalSection(SolutionConfigurationPlatforms) = preSolution
		Debug|Any CPU = Debug|Any CPU
		Release|Any CPU = Release|Any CPU
	EndGlobalSection
	GlobalSection(ProjectConfigurationPlatforms) = postSolution
		{B35DF86A-6DF3-46DD-B260-76E0392AFC4E}.Debug|Any CPU.ActiveCfg = Debug|Any CPU
		{B35DF86A-6DF3-46DD-B260-76E0392AFC4E}.Debug|Any CPU.Build.0 = Debug|Any CPU
		{B35DF86A-6DF3-46DD-B260-76E0392AFC4E}.Release|Any CPU.ActiveCfg = Release|Any CPU
		{B35DF86A-6DF3-46DD-B260-76E0392AFC4E}.Release|Any CPU.Build.0 = Release|Any CPU
		{D4BF6EB9-1C60-4C3B-8033-1EA772974B6F}.Debug|Any CPU.ActiveCfg = Debug|Any CPU
		{D4BF6EB9-1C60-4C3B-8033-1EA772974B6F}.Debug|Any CPU.Build.0 = Debug|Any CPU
		{D4BF6EB9-1C60-4C3B-8033-1EA772974B6F}.Release|Any CPU.ActiveCfg = Release|Any CPU
		{D4BF6EB9-1C60-4C3B-8033-1EA772974B6F}.Release|Any CPU.Build.0 = Release|Any CPU
		{0C8956D2-099E-4557-88C8-3E10C15459B6}.Debug|Any CPU.ActiveCfg = Debug|Any CPU
		{0C8956D2-099E-4557-88C8-3E10C15459B6}.Debug|Any CPU.Build.0 = Debug|Any CPU
		{0C8956D2-099E-4557-88C8-3E10C15459B6}.Release|Any CPU.ActiveCfg = Release|Any CPU
		{0C8956D2-099E-4557-88C8-3E10C15459B6}.Release|Any CPU.Build.0 = Release|Any CPU
		{A97DAFBA-976E-49E5-8670-56C659B5A016}.Debug|Any CPU.ActiveCfg = Debug|Any CPU
		{A97DAFBA-976E-49E5-8670-56C659B5A016}.Debug|Any CPU.Build.0 = Debug|Any CPU
		{A97DAFBA-976E-49E5-8670-56C659B5A016}.Release|Any CPU.ActiveCfg = Release|Any CPU
		{A97DAFBA-976E-49E5-8670-56C659B5A016}.Release|Any CPU.Build.0 = Release|Any CPU
		{EC972298-E307-4D4A-9229-4C41FC565119}.Debug|Any CPU.ActiveCfg = Debug|Any CPU
		{EC972298-E307-4D4A-9229-4C41FC565119}.Debug|Any CPU.Build.0 = Debug|Any CPU
		{EC972298-E307-4D4A-9229-4C41FC565119}.Release|Any CPU.ActiveCfg = Release|Any CPU
		{EC972298-E307-4D4A-9229-4C41FC565119}.Release|Any CPU.Build.0 = Release|Any CPU
		{362F134D-D127-4C20-A865-82CA1863A7F7}.Debug|Any CPU.ActiveCfg = Debug|Any CPU
		{362F134D-D127-4C20-A865-82CA1863A7F7}.Debug|Any CPU.Build.0 = Debug|Any CPU
		{362F134D-D127-4C20-A865-82CA1863A7F7}.Release|Any CPU.ActiveCfg = Release|Any CPU
		{362F134D-D127-4C20-A865-82CA1863A7F7}.Release|Any CPU.Build.0 = Release|Any CPU
		{10378C55-8FDE-4F8D-B8EC-BDBBA9C51A1E}.Debug|Any CPU.ActiveCfg = Debug|Any CPU
		{10378C55-8FDE-4F8D-B8EC-BDBBA9C51A1E}.Debug|Any CPU.Build.0 = Debug|Any CPU
		{10378C55-8FDE-4F8D-B8EC-BDBBA9C51A1E}.Release|Any CPU.ActiveCfg = Release|Any CPU
		{10378C55-8FDE-4F8D-B8EC-BDBBA9C51A1E}.Release|Any CPU.Build.0 = Release|Any CPU
		{1E29DD61-5C13-4140-BFC9-50FAA2054B84}.Debug|Any CPU.ActiveCfg = Debug|Any CPU
		{1E29DD61-5C13-4140-BFC9-50FAA2054B84}.Debug|Any CPU.Build.0 = Debug|Any CPU
		{1E29DD61-5C13-4140-BFC9-50FAA2054B84}.Release|Any CPU.ActiveCfg = Release|Any CPU
		{1E29DD61-5C13-4140-BFC9-50FAA2054B84}.Release|Any CPU.Build.0 = Release|Any CPU
		{62DD14EC-875C-44B4-8D17-9896A3873FD7}.Debug|Any CPU.ActiveCfg = Debug|Any CPU
		{62DD14EC-875C-44B4-8D17-9896A3873FD7}.Debug|Any CPU.Build.0 = Debug|Any CPU
		{62DD14EC-875C-44B4-8D17-9896A3873FD7}.Release|Any CPU.ActiveCfg = Release|Any CPU
		{62DD14EC-875C-44B4-8D17-9896A3873FD7}.Release|Any CPU.Build.0 = Release|Any CPU
		{8F7F985E-A043-497D-8DF6-CBC5C449BEE8}.Debug|Any CPU.ActiveCfg = Debug|Any CPU
		{8F7F985E-A043-497D-8DF6-CBC5C449BEE8}.Debug|Any CPU.Build.0 = Debug|Any CPU
		{8F7F985E-A043-497D-8DF6-CBC5C449BEE8}.Release|Any CPU.ActiveCfg = Release|Any CPU
		{8F7F985E-A043-497D-8DF6-CBC5C449BEE8}.Release|Any CPU.Build.0 = Release|Any CPU
		{4C0F13A7-5127-411E-B927-71A4134BE5C3}.Debug|Any CPU.ActiveCfg = Debug|Any CPU
		{4C0F13A7-5127-411E-B927-71A4134BE5C3}.Debug|Any CPU.Build.0 = Debug|Any CPU
		{4C0F13A7-5127-411E-B927-71A4134BE5C3}.Release|Any CPU.ActiveCfg = Release|Any CPU
		{4C0F13A7-5127-411E-B927-71A4134BE5C3}.Release|Any CPU.Build.0 = Release|Any CPU
		{B8900A26-0645-4F65-A6C3-289F6C174C0B}.Debug|Any CPU.ActiveCfg = Debug|Any CPU
		{B8900A26-0645-4F65-A6C3-289F6C174C0B}.Debug|Any CPU.Build.0 = Debug|Any CPU
		{B8900A26-0645-4F65-A6C3-289F6C174C0B}.Release|Any CPU.ActiveCfg = Release|Any CPU
		{B8900A26-0645-4F65-A6C3-289F6C174C0B}.Release|Any CPU.Build.0 = Release|Any CPU
		{1E34B805-2966-4D2F-8366-5D4E51300751}.Debug|Any CPU.ActiveCfg = Debug|Any CPU
		{1E34B805-2966-4D2F-8366-5D4E51300751}.Debug|Any CPU.Build.0 = Debug|Any CPU
		{1E34B805-2966-4D2F-8366-5D4E51300751}.Release|Any CPU.ActiveCfg = Release|Any CPU
		{1E34B805-2966-4D2F-8366-5D4E51300751}.Release|Any CPU.Build.0 = Release|Any CPU
		{34B1D70E-6E2D-486A-9E0E-99CA5C9C0963}.Debug|Any CPU.ActiveCfg = Debug|Any CPU
		{34B1D70E-6E2D-486A-9E0E-99CA5C9C0963}.Debug|Any CPU.Build.0 = Debug|Any CPU
		{34B1D70E-6E2D-486A-9E0E-99CA5C9C0963}.Release|Any CPU.ActiveCfg = Release|Any CPU
		{34B1D70E-6E2D-486A-9E0E-99CA5C9C0963}.Release|Any CPU.Build.0 = Release|Any CPU
		{1A731AD0-10C6-4180-A05E-C45F86569336}.Debug|Any CPU.ActiveCfg = Debug|Any CPU
		{1A731AD0-10C6-4180-A05E-C45F86569336}.Debug|Any CPU.Build.0 = Debug|Any CPU
		{1A731AD0-10C6-4180-A05E-C45F86569336}.Release|Any CPU.ActiveCfg = Release|Any CPU
		{1A731AD0-10C6-4180-A05E-C45F86569336}.Release|Any CPU.Build.0 = Release|Any CPU
		{408E093A-F77E-4F5B-B0CE-AABB6A843DA3}.Debug|Any CPU.ActiveCfg = Debug|Any CPU
		{408E093A-F77E-4F5B-B0CE-AABB6A843DA3}.Debug|Any CPU.Build.0 = Debug|Any CPU
		{408E093A-F77E-4F5B-B0CE-AABB6A843DA3}.Release|Any CPU.ActiveCfg = Release|Any CPU
		{408E093A-F77E-4F5B-B0CE-AABB6A843DA3}.Release|Any CPU.Build.0 = Release|Any CPU
		{3CE78A5A-ED5A-4957-A274-6B39C8AF688D}.Debug|Any CPU.ActiveCfg = Debug|Any CPU
		{3CE78A5A-ED5A-4957-A274-6B39C8AF688D}.Debug|Any CPU.Build.0 = Debug|Any CPU
		{3CE78A5A-ED5A-4957-A274-6B39C8AF688D}.Release|Any CPU.ActiveCfg = Release|Any CPU
		{3CE78A5A-ED5A-4957-A274-6B39C8AF688D}.Release|Any CPU.Build.0 = Release|Any CPU
		{C6CA1B42-3CD7-4641-969A-352B64894DB5}.Debug|Any CPU.ActiveCfg = Debug|Any CPU
		{C6CA1B42-3CD7-4641-969A-352B64894DB5}.Debug|Any CPU.Build.0 = Debug|Any CPU
		{C6CA1B42-3CD7-4641-969A-352B64894DB5}.Release|Any CPU.ActiveCfg = Release|Any CPU
		{C6CA1B42-3CD7-4641-969A-352B64894DB5}.Release|Any CPU.Build.0 = Release|Any CPU
		{8854959E-28A9-47A8-8D44-99792F34987A}.Debug|Any CPU.ActiveCfg = Debug|Any CPU
		{8854959E-28A9-47A8-8D44-99792F34987A}.Debug|Any CPU.Build.0 = Debug|Any CPU
		{8854959E-28A9-47A8-8D44-99792F34987A}.Release|Any CPU.ActiveCfg = Release|Any CPU
		{8854959E-28A9-47A8-8D44-99792F34987A}.Release|Any CPU.Build.0 = Release|Any CPU
		{50BE9589-9592-47B0-A3E5-94C8C1516CF6}.Debug|Any CPU.ActiveCfg = Debug|Any CPU
		{50BE9589-9592-47B0-A3E5-94C8C1516CF6}.Debug|Any CPU.Build.0 = Debug|Any CPU
		{50BE9589-9592-47B0-A3E5-94C8C1516CF6}.Release|Any CPU.ActiveCfg = Release|Any CPU
		{50BE9589-9592-47B0-A3E5-94C8C1516CF6}.Release|Any CPU.Build.0 = Release|Any CPU
		{EA3C265F-A2A9-4977-889A-AEFD6B1E1F3C}.Debug|Any CPU.ActiveCfg = Debug|Any CPU
		{EA3C265F-A2A9-4977-889A-AEFD6B1E1F3C}.Debug|Any CPU.Build.0 = Debug|Any CPU
		{EA3C265F-A2A9-4977-889A-AEFD6B1E1F3C}.Release|Any CPU.ActiveCfg = Release|Any CPU
		{EA3C265F-A2A9-4977-889A-AEFD6B1E1F3C}.Release|Any CPU.Build.0 = Release|Any CPU
	EndGlobalSection
	GlobalSection(SolutionProperties) = preSolution
		HideSolutionNode = FALSE
	EndGlobalSection
	GlobalSection(NestedProjects) = preSolution
		{7E2601D8-AE2C-45A2-BBD8-BB89BAFA9967} = {56CD3658-6874-41E5-A715-29F651AF7B66}
		{2831A897-F971-47EA-8E8A-B062098D9F0E} = {56CD3658-6874-41E5-A715-29F651AF7B66}
		{1CA0114A-B5D8-45AB-A0C1-0F45CD06772D} = {56CD3658-6874-41E5-A715-29F651AF7B66}
		{A58553C4-9600-426C-9A35-DAECBA24FA1B} = {56CD3658-6874-41E5-A715-29F651AF7B66}
		{0D295CC4-0610-4415-91FE-FF8A940DDB32} = {56CD3658-6874-41E5-A715-29F651AF7B66}
		{82CB43CE-A2C2-408F-8BE5-7EBE12A5B8AD} = {56CD3658-6874-41E5-A715-29F651AF7B66}
		{B35DF86A-6DF3-46DD-B260-76E0392AFC4E} = {7E2601D8-AE2C-45A2-BBD8-BB89BAFA9967}
		{D4BF6EB9-1C60-4C3B-8033-1EA772974B6F} = {7E2601D8-AE2C-45A2-BBD8-BB89BAFA9967}
		{0C8956D2-099E-4557-88C8-3E10C15459B6} = {2831A897-F971-47EA-8E8A-B062098D9F0E}
		{A97DAFBA-976E-49E5-8670-56C659B5A016} = {2831A897-F971-47EA-8E8A-B062098D9F0E}
		{EC972298-E307-4D4A-9229-4C41FC565119} = {2831A897-F971-47EA-8E8A-B062098D9F0E}
		{362F134D-D127-4C20-A865-82CA1863A7F7} = {1CA0114A-B5D8-45AB-A0C1-0F45CD06772D}
		{10378C55-8FDE-4F8D-B8EC-BDBBA9C51A1E} = {1CA0114A-B5D8-45AB-A0C1-0F45CD06772D}
		{1E29DD61-5C13-4140-BFC9-50FAA2054B84} = {A58553C4-9600-426C-9A35-DAECBA24FA1B}
		{62DD14EC-875C-44B4-8D17-9896A3873FD7} = {82CB43CE-A2C2-408F-8BE5-7EBE12A5B8AD}
		{8F7F985E-A043-497D-8DF6-CBC5C449BEE8} = {82CB43CE-A2C2-408F-8BE5-7EBE12A5B8AD}
		{4C0F13A7-5127-411E-B927-71A4134BE5C3} = {82CB43CE-A2C2-408F-8BE5-7EBE12A5B8AD}
		{B8900A26-0645-4F65-A6C3-289F6C174C0B} = {82CB43CE-A2C2-408F-8BE5-7EBE12A5B8AD}
		{1E34B805-2966-4D2F-8366-5D4E51300751} = {82CB43CE-A2C2-408F-8BE5-7EBE12A5B8AD}
		{34B1D70E-6E2D-486A-9E0E-99CA5C9C0963} = {82CB43CE-A2C2-408F-8BE5-7EBE12A5B8AD}
		{1A731AD0-10C6-4180-A05E-C45F86569336} = {0D295CC4-0610-4415-91FE-FF8A940DDB32}
		{408E093A-F77E-4F5B-B0CE-AABB6A843DA3} = {2831A897-F971-47EA-8E8A-B062098D9F0E}
		{3CE78A5A-ED5A-4957-A274-6B39C8AF688D} = {1CA0114A-B5D8-45AB-A0C1-0F45CD06772D}
		{C6CA1B42-3CD7-4641-969A-352B64894DB5} = {82CB43CE-A2C2-408F-8BE5-7EBE12A5B8AD}
		{8854959E-28A9-47A8-8D44-99792F34987A} = {2831A897-F971-47EA-8E8A-B062098D9F0E}
		{50BE9589-9592-47B0-A3E5-94C8C1516CF6} = {2831A897-F971-47EA-8E8A-B062098D9F0E}
		{EA3C265F-A2A9-4977-889A-AEFD6B1E1F3C} = {2831A897-F971-47EA-8E8A-B062098D9F0E}
	EndGlobalSection
	GlobalSection(ExtensibilityGlobals) = postSolution
		SolutionGuid = {44169026-999E-45D8-8992-829F1A5873B6}
	EndGlobalSection
EndGlobal
