
Microsoft Visual Studio Solution File, Format Version 12.00
# Visual Studio 15
VisualStudioVersion = 15.0.27428.2002
MinimumVisualStudioVersion = 10.0.40219.1
Project("{9A19103F-16F7-4668-BE54-9A1E7A4F7556}") = "EzTask.Web", "EzTask.Web\EzTask.Web.csproj", "{0CDE6D65-802E-4D79-BE91-6B08F502C803}"
	ProjectSection(ProjectDependencies) = postProject
		{4C9D491A-C1BA-481A-9669-84A02DF00D68} = {4C9D491A-C1BA-481A-9669-84A02DF00D68}
		{EE135625-F3BD-44AB-A2C0-DA34D4AE31B9} = {EE135625-F3BD-44AB-A2C0-DA34D4AE31B9}
		{9492563E-69BD-4EE6-879D-F0C48A0A025C} = {9492563E-69BD-4EE6-879D-F0C48A0A025C}
		{6BE5C566-FC64-427C-B7A3-A60511798A71} = {6BE5C566-FC64-427C-B7A3-A60511798A71}
		{9C1DC187-71BE-480E-AFC6-C5F5F5702E38} = {9C1DC187-71BE-480E-AFC6-C5F5F5702E38}
		{D982FAB0-FDB7-477A-9351-9681B4532AD7} = {D982FAB0-FDB7-477A-9351-9681B4532AD7}
		{401165D7-E3BC-49C8-A93B-A0273B54905B} = {401165D7-E3BC-49C8-A93B-A0273B54905B}
	EndProjectSection
EndProject
Project("{2150E333-8FDC-42A3-9474-1A3956D46DE8}") = "5. Guid", "5. Guid", "{7E2601D8-AE2C-45A2-BBD8-BB89BAFA9967}"
EndProject
Project("{2150E333-8FDC-42A3-9474-1A3956D46DE8}") = "1. Libraries", "1. Libraries", "{2831A897-F971-47EA-8E8A-B062098D9F0E}"
EndProject
Project("{2150E333-8FDC-42A3-9474-1A3956D46DE8}") = "2. Plugins", "2. Plugins", "{1CA0114A-B5D8-45AB-A0C1-0F45CD06772D}"
EndProject
Project("{2150E333-8FDC-42A3-9474-1A3956D46DE8}") = "3. Business", "3. Business", "{A58553C4-9600-426C-9A35-DAECBA24FA1B}"
EndProject
Project("{2150E333-8FDC-42A3-9474-1A3956D46DE8}") = "6. Api", "6. Api", "{A65C3E72-6FF1-48B1-9A97-4F48CD43FC64}"
EndProject
Project("{9A19103F-16F7-4668-BE54-9A1E7A4F7556}") = "EzTask.Client.Api", "EzTask.Client.Api\EzTask.Client.Api.csproj", "{9C1DC187-71BE-480E-AFC6-C5F5F5702E38}"
EndProject
Project("{2150E333-8FDC-42A3-9474-1A3956D46DE8}") = "7. WebBuilder", "7. WebBuilder", "{0D295CC4-0610-4415-91FE-FF8A940DDB32}"
EndProject
Project("{9A19103F-16F7-4668-BE54-9A1E7A4F7556}") = "EzTask.Entity", "EzTask.Entity\EzTask.Entity.csproj", "{47795263-213F-415D-AB08-0A25EC5F8E97}"
EndProject
Project("{9A19103F-16F7-4668-BE54-9A1E7A4F7556}") = "EzTask.DataAccess", "EzTask.DataAccess\EzTask.DataAccess.csproj", "{E1C95DF4-86B1-4184-A503-40BD1BF3D883}"
EndProject
Project("{9A19103F-16F7-4668-BE54-9A1E7A4F7556}") = "EzTask.Business", "EzTask.Business\EzTask.Business.csproj", "{646D9B9E-26E2-4728-85E0-E558B31CC8D9}"
EndProject
Project("{9A19103F-16F7-4668-BE54-9A1E7A4F7556}") = "EzTask.Interfaces", "EzTask.Interfaces\EzTask.Interfaces.csproj", "{64F1D611-B871-4F92-BB76-BA8F443B534B}"
EndProject
Project("{9A19103F-16F7-4668-BE54-9A1E7A4F7556}") = "EzTask.Framework", "EzTask.Framework\EzTask.Framework.csproj", "{DC4F4892-6E79-40E1-81F7-BCD680502A7E}"
EndProject
Project("{9A19103F-16F7-4668-BE54-9A1E7A4F7556}") = "EzTask.Plugin.Facebook", "EzTask.Plugins\EzTask.Plugin.Facebook\EzTask.Plugin.Facebook.csproj", "{4C9D491A-C1BA-481A-9669-84A02DF00D68}"
EndProject
Project("{9A19103F-16F7-4668-BE54-9A1E7A4F7556}") = "EzTask.Plugin.Google", "EzTask.Plugins\EzTask.Plugin.Google\EzTask.Plugin.Google.csproj", "{401165D7-E3BC-49C8-A93B-A0273B54905B}"
EndProject
Project("{9A19103F-16F7-4668-BE54-9A1E7A4F7556}") = "EzTask.Plugin.Log", "EzTask.Plugins\EzTask.Plugin.Log\EzTask.Plugin.Log.csproj", "{D982FAB0-FDB7-477A-9351-9681B4532AD7}"
EndProject
Project("{2150E333-8FDC-42A3-9474-1A3956D46DE8}") = "4. Modules", "4. Modules", "{82CB43CE-A2C2-408F-8BE5-7EBE12A5B8AD}"
EndProject
Project("{9A19103F-16F7-4668-BE54-9A1E7A4F7556}") = "EzTask.Modules.Dashboard", "EzTask.Modules\EzTask.Modules.Dashboard\EzTask.Modules.Dashboard.csproj", "{9492563E-69BD-4EE6-879D-F0C48A0A025C}"
EndProject
Project("{9A19103F-16F7-4668-BE54-9A1E7A4F7556}") = "EzTask.Modules.Core", "EzTask.Modules\EzTask.Modules.Core\EzTask.Modules.Core.csproj", "{EE135625-F3BD-44AB-A2C0-DA34D4AE31B9}"
EndProject
Project("{9A19103F-16F7-4668-BE54-9A1E7A4F7556}") = "EzTask.WebBuilder", "EzTask.Build\EzTask.WebBuilder\EzTask.WebBuilder.csproj", "{DDC6EDE9-0BD2-48D3-B285-43C3E6F85D4F}"
EndProject
Project("{FAE04EC0-301F-11D3-BF4B-00C04F79EFBC}") = "EzTask.Modules.Project", "EzTask.Modules\EzTask.Modules.Project\EzTask.Modules.Project.csproj", "{6BE5C566-FC64-427C-B7A3-A60511798A71}"
EndProject
Global
	GlobalSection(SolutionConfigurationPlatforms) = preSolution
		Debug|Any CPU = Debug|Any CPU
		Release|Any CPU = Release|Any CPU
	EndGlobalSection
	GlobalSection(ProjectConfigurationPlatforms) = postSolution
		{0CDE6D65-802E-4D79-BE91-6B08F502C803}.Debug|Any CPU.ActiveCfg = Debug|Any CPU
		{0CDE6D65-802E-4D79-BE91-6B08F502C803}.Debug|Any CPU.Build.0 = Debug|Any CPU
		{0CDE6D65-802E-4D79-BE91-6B08F502C803}.Release|Any CPU.ActiveCfg = Release|Any CPU
		{0CDE6D65-802E-4D79-BE91-6B08F502C803}.Release|Any CPU.Build.0 = Release|Any CPU
		{9C1DC187-71BE-480E-AFC6-C5F5F5702E38}.Debug|Any CPU.ActiveCfg = Debug|Any CPU
		{9C1DC187-71BE-480E-AFC6-C5F5F5702E38}.Debug|Any CPU.Build.0 = Debug|Any CPU
		{9C1DC187-71BE-480E-AFC6-C5F5F5702E38}.Release|Any CPU.ActiveCfg = Release|Any CPU
		{9C1DC187-71BE-480E-AFC6-C5F5F5702E38}.Release|Any CPU.Build.0 = Release|Any CPU
		{47795263-213F-415D-AB08-0A25EC5F8E97}.Debug|Any CPU.ActiveCfg = Debug|Any CPU
		{47795263-213F-415D-AB08-0A25EC5F8E97}.Debug|Any CPU.Build.0 = Debug|Any CPU
		{47795263-213F-415D-AB08-0A25EC5F8E97}.Release|Any CPU.ActiveCfg = Release|Any CPU
		{47795263-213F-415D-AB08-0A25EC5F8E97}.Release|Any CPU.Build.0 = Release|Any CPU
		{E1C95DF4-86B1-4184-A503-40BD1BF3D883}.Debug|Any CPU.ActiveCfg = Debug|Any CPU
		{E1C95DF4-86B1-4184-A503-40BD1BF3D883}.Debug|Any CPU.Build.0 = Debug|Any CPU
		{E1C95DF4-86B1-4184-A503-40BD1BF3D883}.Release|Any CPU.ActiveCfg = Release|Any CPU
		{E1C95DF4-86B1-4184-A503-40BD1BF3D883}.Release|Any CPU.Build.0 = Release|Any CPU
		{646D9B9E-26E2-4728-85E0-E558B31CC8D9}.Debug|Any CPU.ActiveCfg = Debug|Any CPU
		{646D9B9E-26E2-4728-85E0-E558B31CC8D9}.Debug|Any CPU.Build.0 = Debug|Any CPU
		{646D9B9E-26E2-4728-85E0-E558B31CC8D9}.Release|Any CPU.ActiveCfg = Release|Any CPU
		{646D9B9E-26E2-4728-85E0-E558B31CC8D9}.Release|Any CPU.Build.0 = Release|Any CPU
		{64F1D611-B871-4F92-BB76-BA8F443B534B}.Debug|Any CPU.ActiveCfg = Debug|Any CPU
		{64F1D611-B871-4F92-BB76-BA8F443B534B}.Debug|Any CPU.Build.0 = Debug|Any CPU
		{64F1D611-B871-4F92-BB76-BA8F443B534B}.Release|Any CPU.ActiveCfg = Release|Any CPU
		{64F1D611-B871-4F92-BB76-BA8F443B534B}.Release|Any CPU.Build.0 = Release|Any CPU
		{DC4F4892-6E79-40E1-81F7-BCD680502A7E}.Debug|Any CPU.ActiveCfg = Debug|Any CPU
		{DC4F4892-6E79-40E1-81F7-BCD680502A7E}.Debug|Any CPU.Build.0 = Debug|Any CPU
		{DC4F4892-6E79-40E1-81F7-BCD680502A7E}.Release|Any CPU.ActiveCfg = Release|Any CPU
		{DC4F4892-6E79-40E1-81F7-BCD680502A7E}.Release|Any CPU.Build.0 = Release|Any CPU
		{4C9D491A-C1BA-481A-9669-84A02DF00D68}.Debug|Any CPU.ActiveCfg = Debug|Any CPU
		{4C9D491A-C1BA-481A-9669-84A02DF00D68}.Debug|Any CPU.Build.0 = Debug|Any CPU
		{4C9D491A-C1BA-481A-9669-84A02DF00D68}.Release|Any CPU.ActiveCfg = Release|Any CPU
		{4C9D491A-C1BA-481A-9669-84A02DF00D68}.Release|Any CPU.Build.0 = Release|Any CPU
		{401165D7-E3BC-49C8-A93B-A0273B54905B}.Debug|Any CPU.ActiveCfg = Debug|Any CPU
		{401165D7-E3BC-49C8-A93B-A0273B54905B}.Debug|Any CPU.Build.0 = Debug|Any CPU
		{401165D7-E3BC-49C8-A93B-A0273B54905B}.Release|Any CPU.ActiveCfg = Release|Any CPU
		{401165D7-E3BC-49C8-A93B-A0273B54905B}.Release|Any CPU.Build.0 = Release|Any CPU
		{D982FAB0-FDB7-477A-9351-9681B4532AD7}.Debug|Any CPU.ActiveCfg = Debug|Any CPU
		{D982FAB0-FDB7-477A-9351-9681B4532AD7}.Debug|Any CPU.Build.0 = Debug|Any CPU
		{D982FAB0-FDB7-477A-9351-9681B4532AD7}.Release|Any CPU.ActiveCfg = Release|Any CPU
		{D982FAB0-FDB7-477A-9351-9681B4532AD7}.Release|Any CPU.Build.0 = Release|Any CPU
		{9492563E-69BD-4EE6-879D-F0C48A0A025C}.Debug|Any CPU.ActiveCfg = Debug|Any CPU
		{9492563E-69BD-4EE6-879D-F0C48A0A025C}.Debug|Any CPU.Build.0 = Debug|Any CPU
		{9492563E-69BD-4EE6-879D-F0C48A0A025C}.Release|Any CPU.ActiveCfg = Release|Any CPU
		{9492563E-69BD-4EE6-879D-F0C48A0A025C}.Release|Any CPU.Build.0 = Release|Any CPU
		{EE135625-F3BD-44AB-A2C0-DA34D4AE31B9}.Debug|Any CPU.ActiveCfg = Debug|Any CPU
		{EE135625-F3BD-44AB-A2C0-DA34D4AE31B9}.Debug|Any CPU.Build.0 = Debug|Any CPU
		{EE135625-F3BD-44AB-A2C0-DA34D4AE31B9}.Release|Any CPU.ActiveCfg = Release|Any CPU
		{EE135625-F3BD-44AB-A2C0-DA34D4AE31B9}.Release|Any CPU.Build.0 = Release|Any CPU
		{DDC6EDE9-0BD2-48D3-B285-43C3E6F85D4F}.Debug|Any CPU.ActiveCfg = Debug|Any CPU
		{DDC6EDE9-0BD2-48D3-B285-43C3E6F85D4F}.Debug|Any CPU.Build.0 = Debug|Any CPU
		{DDC6EDE9-0BD2-48D3-B285-43C3E6F85D4F}.Release|Any CPU.ActiveCfg = Release|Any CPU
		{DDC6EDE9-0BD2-48D3-B285-43C3E6F85D4F}.Release|Any CPU.Build.0 = Release|Any CPU
		{6BE5C566-FC64-427C-B7A3-A60511798A71}.Debug|Any CPU.ActiveCfg = Debug|Any CPU
		{6BE5C566-FC64-427C-B7A3-A60511798A71}.Debug|Any CPU.Build.0 = Debug|Any CPU
		{6BE5C566-FC64-427C-B7A3-A60511798A71}.Release|Any CPU.ActiveCfg = Release|Any CPU
		{6BE5C566-FC64-427C-B7A3-A60511798A71}.Release|Any CPU.Build.0 = Release|Any CPU
	EndGlobalSection
	GlobalSection(SolutionProperties) = preSolution
		HideSolutionNode = FALSE
	EndGlobalSection
	GlobalSection(NestedProjects) = preSolution
		{0CDE6D65-802E-4D79-BE91-6B08F502C803} = {7E2601D8-AE2C-45A2-BBD8-BB89BAFA9967}
		{9C1DC187-71BE-480E-AFC6-C5F5F5702E38} = {A65C3E72-6FF1-48B1-9A97-4F48CD43FC64}
		{47795263-213F-415D-AB08-0A25EC5F8E97} = {2831A897-F971-47EA-8E8A-B062098D9F0E}
		{E1C95DF4-86B1-4184-A503-40BD1BF3D883} = {2831A897-F971-47EA-8E8A-B062098D9F0E}
		{646D9B9E-26E2-4728-85E0-E558B31CC8D9} = {A58553C4-9600-426C-9A35-DAECBA24FA1B}
		{64F1D611-B871-4F92-BB76-BA8F443B534B} = {2831A897-F971-47EA-8E8A-B062098D9F0E}
		{DC4F4892-6E79-40E1-81F7-BCD680502A7E} = {2831A897-F971-47EA-8E8A-B062098D9F0E}
		{4C9D491A-C1BA-481A-9669-84A02DF00D68} = {1CA0114A-B5D8-45AB-A0C1-0F45CD06772D}
		{401165D7-E3BC-49C8-A93B-A0273B54905B} = {1CA0114A-B5D8-45AB-A0C1-0F45CD06772D}
		{D982FAB0-FDB7-477A-9351-9681B4532AD7} = {1CA0114A-B5D8-45AB-A0C1-0F45CD06772D}
		{9492563E-69BD-4EE6-879D-F0C48A0A025C} = {82CB43CE-A2C2-408F-8BE5-7EBE12A5B8AD}
		{EE135625-F3BD-44AB-A2C0-DA34D4AE31B9} = {82CB43CE-A2C2-408F-8BE5-7EBE12A5B8AD}
		{DDC6EDE9-0BD2-48D3-B285-43C3E6F85D4F} = {0D295CC4-0610-4415-91FE-FF8A940DDB32}
		{6BE5C566-FC64-427C-B7A3-A60511798A71} = {82CB43CE-A2C2-408F-8BE5-7EBE12A5B8AD}
	EndGlobalSection
	GlobalSection(ExtensibilityGlobals) = postSolution
		SolutionGuid = {44169026-999E-45D8-8992-829F1A5873B6}
	EndGlobalSection
EndGlobal
